
Microsoft Visual Studio Solution File, Format Version 12.00
# Visual Studio 14
VisualStudioVersion = 14.0.25420.1
MinimumVisualStudioVersion = 10.0.40219.1
Project("{FAE04EC0-301F-11D3-BF4B-00C04F79EFBC}") = "AutoPark", "AutoPark\AutoPark.csproj", "{109C656C-296C-4CC3-87A9-DD2414A80994}"
EndProject
Project("{FAE04EC0-301F-11D3-BF4B-00C04F79EFBC}") = "AutoPark.lib", "AutoPark.lib\AutoPark.lib.csproj", "{3FF857E1-DC3E-4212-8401-0F2FC0B6E4D6}"
EndProject
Global
	GlobalSection(SolutionConfigurationPlatforms) = preSolution
		Debug|Any CPU = Debug|Any CPU
		Release|Any CPU = Release|Any CPU
	EndGlobalSection
	GlobalSection(ProjectConfigurationPlatforms) = postSolution
		{109C656C-296C-4CC3-87A9-DD2414A80994}.Debug|Any CPU.ActiveCfg = Debug|Any CPU
		{109C656C-296C-4CC3-87A9-DD2414A80994}.Debug|Any CPU.Build.0 = Debug|Any CPU
		{109C656C-296C-4CC3-87A9-DD2414A80994}.Release|Any CPU.ActiveCfg = Release|Any CPU
		{109C656C-296C-4CC3-87A9-DD2414A80994}.Release|Any CPU.Build.0 = Release|Any CPU
		{3FF857E1-DC3E-4212-8401-0F2FC0B6E4D6}.Debug|Any CPU.ActiveCfg = Debug|Any CPU
		{3FF857E1-DC3E-4212-8401-0F2FC0B6E4D6}.Debug|Any CPU.Build.0 = Debug|Any CPU
		{3FF857E1-DC3E-4212-8401-0F2FC0B6E4D6}.Release|Any CPU.ActiveCfg = Release|Any CPU
		{3FF857E1-DC3E-4212-8401-0F2FC0B6E4D6}.Release|Any CPU.Build.0 = Release|Any CPU
	EndGlobalSection
	GlobalSection(SolutionProperties) = preSolution
		HideSolutionNode = FALSE
	EndGlobalSection
EndGlobal
